
Microsoft Visual Studio Solution File, Format Version 12.00
# Visual Studio 15
Project("{FAE04EC0-301F-11D3-BF4B-00C04F79EFBC}") = "AstarPathfindingProject", "AstarPathfindingProject.csproj", "{CD485B22-C31C-36F1-AF33-0F401B45C9A9}"
EndProject
Project("{FAE04EC0-301F-11D3-BF4B-00C04F79EFBC}") = "Assembly-CSharp", "Assembly-CSharp.csproj", "{F7DFA064-E720-F327-D9CE-A4C869BA7E1B}"
EndProject
Project("{FAE04EC0-301F-11D3-BF4B-00C04F79EFBC}") = "PackageToolsEditor", "PackageToolsEditor.csproj", "{38E8656C-88A0-3BC5-6F6E-A2A035232D41}"
EndProject
Project("{FAE04EC0-301F-11D3-BF4B-00C04F79EFBC}") = "AstarPathfindingProjectEditor", "AstarPathfindingProjectEditor.csproj", "{565A3818-DF5F-4CA9-2688-C8BAC8C60290}"
EndProject
Global
	GlobalSection(SolutionConfigurationPlatforms) = preSolution
		Debug|Any CPU = Debug|Any CPU
		Release|Any CPU = Release|Any CPU
	EndGlobalSection
	GlobalSection(ProjectConfigurationPlatforms) = postSolution
		{CD485B22-C31C-36F1-AF33-0F401B45C9A9}.Debug|Any CPU.ActiveCfg = Debug|Any CPU
		{CD485B22-C31C-36F1-AF33-0F401B45C9A9}.Debug|Any CPU.Build.0 = Debug|Any CPU
		{CD485B22-C31C-36F1-AF33-0F401B45C9A9}.Release|Any CPU.ActiveCfg = Release|Any CPU
		{CD485B22-C31C-36F1-AF33-0F401B45C9A9}.Release|Any CPU.Build.0 = Release|Any CPU
		{F7DFA064-E720-F327-D9CE-A4C869BA7E1B}.Debug|Any CPU.ActiveCfg = Debug|Any CPU
		{F7DFA064-E720-F327-D9CE-A4C869BA7E1B}.Debug|Any CPU.Build.0 = Debug|Any CPU
		{F7DFA064-E720-F327-D9CE-A4C869BA7E1B}.Release|Any CPU.ActiveCfg = Release|Any CPU
		{F7DFA064-E720-F327-D9CE-A4C869BA7E1B}.Release|Any CPU.Build.0 = Release|Any CPU
		{38E8656C-88A0-3BC5-6F6E-A2A035232D41}.Debug|Any CPU.ActiveCfg = Debug|Any CPU
		{38E8656C-88A0-3BC5-6F6E-A2A035232D41}.Debug|Any CPU.Build.0 = Debug|Any CPU
		{38E8656C-88A0-3BC5-6F6E-A2A035232D41}.Release|Any CPU.ActiveCfg = Release|Any CPU
		{38E8656C-88A0-3BC5-6F6E-A2A035232D41}.Release|Any CPU.Build.0 = Release|Any CPU
		{565A3818-DF5F-4CA9-2688-C8BAC8C60290}.Debug|Any CPU.ActiveCfg = Debug|Any CPU
		{565A3818-DF5F-4CA9-2688-C8BAC8C60290}.Debug|Any CPU.Build.0 = Debug|Any CPU
		{565A3818-DF5F-4CA9-2688-C8BAC8C60290}.Release|Any CPU.ActiveCfg = Release|Any CPU
		{565A3818-DF5F-4CA9-2688-C8BAC8C60290}.Release|Any CPU.Build.0 = Release|Any CPU
	EndGlobalSection
	GlobalSection(SolutionProperties) = preSolution
		HideSolutionNode = FALSE
	EndGlobalSection
EndGlobal
